
Microsoft Visual Studio Solution File, Format Version 12.00
# Visual Studio 15
VisualStudioVersion = 15.0.28010.2048
MinimumVisualStudioVersion = 10.0.40219.1
Project("{FAE04EC0-301F-11D3-BF4B-00C04F79EFBC}") = "CurrencyApp", "CurrencyApp\CurrencyApp.csproj", "{0E116D77-9DC4-4C1B-BA4E-F27AEFEDECEB}"
EndProject
Global
	GlobalSection(SolutionConfigurationPlatforms) = preSolution
		Debug|Any CPU = Debug|Any CPU
		Release|Any CPU = Release|Any CPU
	EndGlobalSection
	GlobalSection(ProjectConfigurationPlatforms) = postSolution
		{0E116D77-9DC4-4C1B-BA4E-F27AEFEDECEB}.Debug|Any CPU.ActiveCfg = Debug|Any CPU
		{0E116D77-9DC4-4C1B-BA4E-F27AEFEDECEB}.Debug|Any CPU.Build.0 = Debug|Any CPU
		{0E116D77-9DC4-4C1B-BA4E-F27AEFEDECEB}.Release|Any CPU.ActiveCfg = Release|Any CPU
		{0E116D77-9DC4-4C1B-BA4E-F27AEFEDECEB}.Release|Any CPU.Build.0 = Release|Any CPU
	EndGlobalSection
	GlobalSection(SolutionProperties) = preSolution
		HideSolutionNode = FALSE
	EndGlobalSection
	GlobalSection(ExtensibilityGlobals) = postSolution
		SolutionGuid = {C2CCF92F-B33A-41CA-AEED-8058910DE53A}
	EndGlobalSection
EndGlobal
